
Microsoft Visual Studio Solution File, Format Version 12.00
# Visual Studio Version 16
VisualStudioVersion = 16.0.30611.23
MinimumVisualStudioVersion = 10.0.40219.1
Project("{8BC9CEB8-8B4A-11D0-8D11-00A0C91BC942}") = "ReadWriteDriver", "ReadWriteDriver\ReadWriteDriver.vcxproj", "{81D48B6E-2F12-437F-942A-0B5CA70465DF}"
EndProject
Project("{8BC9CEB8-8B4A-11D0-8D11-00A0C91BC942}") = "ReadWriteUser", "ReadWriteUser\ReadWriteUser.vcxproj", "{54594EE7-B767-48C7-B1F2-D0E403C97CA7}"
EndProject
Project("{8BC9CEB8-8B4A-11D0-8D11-00A0C91BC942}") = "ReadWriteDriverMapper", "ReadWriteDriverMapper\ReadWriteDriverMapper.vcxproj", "{273B50D2-5F6F-4E0E-850D-EF821B4458F6}"
EndProject
Global
	GlobalSection(SolutionConfigurationPlatforms) = preSolution
		Debug|ARM = Debug|ARM
		Debug|ARM64 = Debug|ARM64
		Debug|x64 = Debug|x64
		Debug|x86 = Debug|x86
		Release|ARM = Release|ARM
		Release|ARM64 = Release|ARM64
		Release|x64 = Release|x64
		Release|x86 = Release|x86
	EndGlobalSection
	GlobalSection(ProjectConfigurationPlatforms) = postSolution
		{81D48B6E-2F12-437F-942A-0B5CA70465DF}.Debug|ARM.ActiveCfg = Debug|ARM
		{81D48B6E-2F12-437F-942A-0B5CA70465DF}.Debug|ARM.Build.0 = Debug|ARM
		{81D48B6E-2F12-437F-942A-0B5CA70465DF}.Debug|ARM.Deploy.0 = Debug|ARM
		{81D48B6E-2F12-437F-942A-0B5CA70465DF}.Debug|ARM64.ActiveCfg = Debug|ARM64
		{81D48B6E-2F12-437F-942A-0B5CA70465DF}.Debug|ARM64.Build.0 = Debug|ARM64
		{81D48B6E-2F12-437F-942A-0B5CA70465DF}.Debug|ARM64.Deploy.0 = Debug|ARM64
		{81D48B6E-2F12-437F-942A-0B5CA70465DF}.Debug|x64.ActiveCfg = Debug|x64
		{81D48B6E-2F12-437F-942A-0B5CA70465DF}.Debug|x64.Build.0 = Debug|x64
		{81D48B6E-2F12-437F-942A-0B5CA70465DF}.Debug|x64.Deploy.0 = Debug|x64
		{81D48B6E-2F12-437F-942A-0B5CA70465DF}.Debug|x86.ActiveCfg = Debug|Win32
		{81D48B6E-2F12-437F-942A-0B5CA70465DF}.Debug|x86.Build.0 = Debug|Win32
		{81D48B6E-2F12-437F-942A-0B5CA70465DF}.Debug|x86.Deploy.0 = Debug|Win32
		{81D48B6E-2F12-437F-942A-0B5CA70465DF}.Release|ARM.ActiveCfg = Release|ARM
		{81D48B6E-2F12-437F-942A-0B5CA70465DF}.Release|ARM.Build.0 = Release|ARM
		{81D48B6E-2F12-437F-942A-0B5CA70465DF}.Release|ARM.Deploy.0 = Release|ARM
		{81D48B6E-2F12-437F-942A-0B5CA70465DF}.Release|ARM64.ActiveCfg = Release|ARM64
		{81D48B6E-2F12-437F-942A-0B5CA70465DF}.Release|ARM64.Build.0 = Release|ARM64
		{81D48B6E-2F12-437F-942A-0B5CA70465DF}.Release|ARM64.Deploy.0 = Release|ARM64
		{81D48B6E-2F12-437F-942A-0B5CA70465DF}.Release|x64.ActiveCfg = Release|x64
		{81D48B6E-2F12-437F-942A-0B5CA70465DF}.Release|x64.Build.0 = Release|x64
		{81D48B6E-2F12-437F-942A-0B5CA70465DF}.Release|x64.Deploy.0 = Release|x64
		{81D48B6E-2F12-437F-942A-0B5CA70465DF}.Release|x86.ActiveCfg = Release|Win32
		{81D48B6E-2F12-437F-942A-0B5CA70465DF}.Release|x86.Build.0 = Release|Win32
		{81D48B6E-2F12-437F-942A-0B5CA70465DF}.Release|x86.Deploy.0 = Release|Win32
		{54594EE7-B767-48C7-B1F2-D0E403C97CA7}.Debug|ARM.ActiveCfg = Debug|Win32
		{54594EE7-B767-48C7-B1F2-D0E403C97CA7}.Debug|ARM64.ActiveCfg = Debug|Win32
		{54594EE7-B767-48C7-B1F2-D0E403C97CA7}.Debug|x64.ActiveCfg = Debug|x64
		{54594EE7-B767-48C7-B1F2-D0E403C97CA7}.Debug|x64.Build.0 = Debug|x64
		{54594EE7-B767-48C7-B1F2-D0E403C97CA7}.Debug|x86.ActiveCfg = Debug|Win32
		{54594EE7-B767-48C7-B1F2-D0E403C97CA7}.Debug|x86.Build.0 = Debug|Win32
		{54594EE7-B767-48C7-B1F2-D0E403C97CA7}.Release|ARM.ActiveCfg = Release|Win32
		{54594EE7-B767-48C7-B1F2-D0E403C97CA7}.Release|ARM64.ActiveCfg = Release|Win32
		{54594EE7-B767-48C7-B1F2-D0E403C97CA7}.Release|x64.ActiveCfg = Release|x64
		{54594EE7-B767-48C7-B1F2-D0E403C97CA7}.Release|x64.Build.0 = Release|x64
		{54594EE7-B767-48C7-B1F2-D0E403C97CA7}.Release|x86.ActiveCfg = Release|Win32
		{54594EE7-B767-48C7-B1F2-D0E403C97CA7}.Release|x86.Build.0 = Release|Win32
		{273B50D2-5F6F-4E0E-850D-EF821B4458F6}.Debug|ARM.ActiveCfg = Debug|ARM
		{273B50D2-5F6F-4E0E-850D-EF821B4458F6}.Debug|ARM.Build.0 = Debug|ARM
		{273B50D2-5F6F-4E0E-850D-EF821B4458F6}.Debug|ARM.Deploy.0 = Debug|ARM
		{273B50D2-5F6F-4E0E-850D-EF821B4458F6}.Debug|ARM64.ActiveCfg = Debug|ARM64
		{273B50D2-5F6F-4E0E-850D-EF821B4458F6}.Debug|ARM64.Build.0 = Debug|ARM64
		{273B50D2-5F6F-4E0E-850D-EF821B4458F6}.Debug|ARM64.Deploy.0 = Debug|ARM64
		{273B50D2-5F6F-4E0E-850D-EF821B4458F6}.Debug|x64.ActiveCfg = Debug|x64
		{273B50D2-5F6F-4E0E-850D-EF821B4458F6}.Debug|x64.Build.0 = Debug|x64
		{273B50D2-5F6F-4E0E-850D-EF821B4458F6}.Debug|x64.Deploy.0 = Debug|x64
		{273B50D2-5F6F-4E0E-850D-EF821B4458F6}.Debug|x86.ActiveCfg = Debug|Win32
		{273B50D2-5F6F-4E0E-850D-EF821B4458F6}.Debug|x86.Build.0 = Debug|Win32
		{273B50D2-5F6F-4E0E-850D-EF821B4458F6}.Debug|x86.Deploy.0 = Debug|Win32
		{273B50D2-5F6F-4E0E-850D-EF821B4458F6}.Release|ARM.ActiveCfg = Release|ARM
		{273B50D2-5F6F-4E0E-850D-EF821B4458F6}.Release|ARM.Build.0 = Release|ARM
		{273B50D2-5F6F-4E0E-850D-EF821B4458F6}.Release|ARM.Deploy.0 = Release|ARM
		{273B50D2-5F6F-4E0E-850D-EF821B4458F6}.Release|ARM64.ActiveCfg = Release|ARM64
		{273B50D2-5F6F-4E0E-850D-EF821B4458F6}.Release|ARM64.Build.0 = Release|ARM64
		{273B50D2-5F6F-4E0E-850D-EF821B4458F6}.Release|ARM64.Deploy.0 = Release|ARM64
		{273B50D2-5F6F-4E0E-850D-EF821B4458F6}.Release|x64.ActiveCfg = Release|x64
		{273B50D2-5F6F-4E0E-850D-EF821B4458F6}.Release|x64.Build.0 = Release|x64
		{273B50D2-5F6F-4E0E-850D-EF821B4458F6}.Release|x64.Deploy.0 = Release|x64
		{273B50D2-5F6F-4E0E-850D-EF821B4458F6}.Release|x86.ActiveCfg = Release|Win32
		{273B50D2-5F6F-4E0E-850D-EF821B4458F6}.Release|x86.Build.0 = Release|Win32
		{273B50D2-5F6F-4E0E-850D-EF821B4458F6}.Release|x86.Deploy.0 = Release|Win32
	EndGlobalSection
	GlobalSection(SolutionProperties) = preSolution
		HideSolutionNode = FALSE
	EndGlobalSection
	GlobalSection(ExtensibilityGlobals) = postSolution
		SolutionGuid = {0E3CE0C6-306C-4676-BC95-24DA8629F72C}
	EndGlobalSection
EndGlobal
